
Microsoft Visual Studio Solution File, Format Version 12.00
# Visual Studio 15
VisualStudioVersion = 15.0.27703.2042
MinimumVisualStudioVersion = 10.0.40219.1
Project("{2150E333-8FDC-42A3-9474-1A3956D46DE8}") = "InstallerProject", "InstallerProject", "{407DD7EF-5BE5-4CB8-A0B6-A68A2C34BEAB}"
EndProject
Project("{930C7802-8A8C-48F9-8165-68863BCCD9DD}") = "GroupClashes_MergeModuleNw2016", "MergeModule-Autodesk2016\GroupClashes_MergeModuleNw2016.wixproj", "{6463B0C2-44EA-402D-9A2B-676FD1396557}"
EndProject
Global
	GlobalSection(SolutionConfigurationPlatforms) = preSolution
		Debug|x86 = Debug|x86
		Release|x86 = Release|x86
	EndGlobalSection
	GlobalSection(ProjectConfigurationPlatforms) = postSolution
		{6463B0C2-44EA-402D-9A2B-676FD1396557}.Debug|x86.ActiveCfg = Installer|x86
		{6463B0C2-44EA-402D-9A2B-676FD1396557}.Debug|x86.Build.0 = Installer|x86
		{6463B0C2-44EA-402D-9A2B-676FD1396557}.Release|x86.ActiveCfg = Installer|x86
		{6463B0C2-44EA-402D-9A2B-676FD1396557}.Release|x86.Build.0 = Installer|x86
	EndGlobalSection
	GlobalSection(SolutionProperties) = preSolution
		HideSolutionNode = FALSE
	EndGlobalSection
	GlobalSection(NestedProjects) = preSolution
		{6463B0C2-44EA-402D-9A2B-676FD1396557} = {407DD7EF-5BE5-4CB8-A0B6-A68A2C34BEAB}
	EndGlobalSection
	GlobalSection(ExtensibilityGlobals) = postSolution
		SolutionGuid = {E8430E82-722A-404A-8990-208063EFD538}
	EndGlobalSection
EndGlobal
